// !$*UTF8*$!
{
	archiveVersion = 1;
	classes = {
	};
	objectVersion = 50;
	objects = {

/* Begin PBXBuildFile section */
		0E0ABDD626002C58005F8F24 /* TextField.swift in Sources */ = {isa = PBXBuildFile; fileRef = 0E0ABDD526002C58005F8F24 /* TextField.swift */; };
		0E32A3EC25E5E7110021FE8B /* AppDelegate.swift in Sources */ = {isa = PBXBuildFile; fileRef = 0E32A3EB25E5E7110021FE8B /* AppDelegate.swift */; };
		0E32A3EE25E5E7110021FE8B /* SceneDelegate.swift in Sources */ = {isa = PBXBuildFile; fileRef = 0E32A3ED25E5E7110021FE8B /* SceneDelegate.swift */; };
		0E32A3F025E5E7110021FE8B /* HomeViewController.swift in Sources */ = {isa = PBXBuildFile; fileRef = 0E32A3EF25E5E7110021FE8B /* HomeViewController.swift */; };
		0E32A3F325E5E7110021FE8B /* Main.storyboard in Resources */ = {isa = PBXBuildFile; fileRef = 0E32A3F125E5E7110021FE8B /* Main.storyboard */; };
		0E32A3F525E5E7150021FE8B /* Assets.xcassets in Resources */ = {isa = PBXBuildFile; fileRef = 0E32A3F425E5E7150021FE8B /* Assets.xcassets */; };
		0E32A3F825E5E7150021FE8B /* LaunchScreen.storyboard in Resources */ = {isa = PBXBuildFile; fileRef = 0E32A3F625E5E7150021FE8B /* LaunchScreen.storyboard */; };
		0E32A40525E5E8150021FE8B /* Logotipo.svg in Resources */ = {isa = PBXBuildFile; fileRef = 0E32A40425E5E8150021FE8B /* Logotipo.svg */; };
		0E32A40A25E5E8840021FE8B /* FF.svg in Resources */ = {isa = PBXBuildFile; fileRef = 0E32A40925E5E8840021FE8B /* FF.svg */; };
		0E32A41025E5E97C0021FE8B /* Logo.svg in Resources */ = {isa = PBXBuildFile; fileRef = 0E32A40F25E5E97C0021FE8B /* Logo.svg */; };
		0E32A41425E5EA8E0021FE8B /* RobotoCondensed-BoldItalic.ttf in Resources */ = {isa = PBXBuildFile; fileRef = 0E32A41325E5EA8E0021FE8B /* RobotoCondensed-BoldItalic.ttf */; };
		0EC264A62600540F00F4C17A /* Lock.svg in Resources */ = {isa = PBXBuildFile; fileRef = 0EC264A52600540F00F4C17A /* Lock.svg */; };
		0EC264AA2600546800F4C17A /* TextFieldType.swift in Sources */ = {isa = PBXBuildFile; fileRef = 0EC264A92600546800F4C17A /* TextFieldType.swift */; };
		0EC264AF2600555E00F4C17A /* Eye Open.svg in Resources */ = {isa = PBXBuildFile; fileRef = 0EC264AE2600555E00F4C17A /* Eye Open.svg */; };
		0EC264B2260056A100F4C17A /* Eye Closed.svg in Resources */ = {isa = PBXBuildFile; fileRef = 0EC264B1260056A100F4C17A /* Eye Closed.svg */; };
		0EC264B62600581F00F4C17A /* Man.svg in Resources */ = {isa = PBXBuildFile; fileRef = 0EC264B52600581F00F4C17A /* Man.svg */; };
		8B98AD9D2627886200A103E1 /* ForgotPasswordViewModel.swift in Sources */ = {isa = PBXBuildFile; fileRef = 8B98AD9C2627886200A103E1 /* ForgotPasswordViewModel.swift */; };
		8BD7A975260BE7A4006EB979 /* ForgotPasswordViewController.swift in Sources */ = {isa = PBXBuildFile; fileRef = 8BD7A974260BE7A4006EB979 /* ForgotPasswordViewController.swift */; };
		8BE0747B261CFCB500B612E9 /* Request.swift in Sources */ = {isa = PBXBuildFile; fileRef = 8BE0747A261CFCB500B612E9 /* Request.swift */; };
		8BE0747F261CFE7700B612E9 /* Student.swift in Sources */ = {isa = PBXBuildFile; fileRef = 8BE0747E261CFE7700B612E9 /* Student.swift */; };
/* End PBXBuildFile section */

/* Begin PBXFileReference section */
		0E0ABDD526002C58005F8F24 /* TextField.swift */ = {isa = PBXFileReference; lastKnownFileType = sourcecode.swift; path = TextField.swift; sourceTree = "<group>"; };
		0E32A3E825E5E7110021FE8B /* FastFeet.app */ = {isa = PBXFileReference; explicitFileType = wrapper.application; includeInIndex = 0; path = FastFeet.app; sourceTree = BUILT_PRODUCTS_DIR; };
		0E32A3EB25E5E7110021FE8B /* AppDelegate.swift */ = {isa = PBXFileReference; lastKnownFileType = sourcecode.swift; path = AppDelegate.swift; sourceTree = "<group>"; };
		0E32A3ED25E5E7110021FE8B /* SceneDelegate.swift */ = {isa = PBXFileReference; lastKnownFileType = sourcecode.swift; path = SceneDelegate.swift; sourceTree = "<group>"; };
		0E32A3EF25E5E7110021FE8B /* HomeViewController.swift */ = {isa = PBXFileReference; lastKnownFileType = sourcecode.swift; path = HomeViewController.swift; sourceTree = "<group>"; };
		0E32A3F225E5E7110021FE8B /* Base */ = {isa = PBXFileReference; lastKnownFileType = file.storyboard; name = Base; path = Base.lproj/Main.storyboard; sourceTree = "<group>"; };
		0E32A3F425E5E7150021FE8B /* Assets.xcassets */ = {isa = PBXFileReference; lastKnownFileType = folder.assetcatalog; path = Assets.xcassets; sourceTree = "<group>"; };
		0E32A3F725E5E7150021FE8B /* Base */ = {isa = PBXFileReference; lastKnownFileType = file.storyboard; name = Base; path = Base.lproj/LaunchScreen.storyboard; sourceTree = "<group>"; };
		0E32A3F925E5E7150021FE8B /* Info.plist */ = {isa = PBXFileReference; lastKnownFileType = text.plist.xml; path = Info.plist; sourceTree = "<group>"; };
		0E32A40425E5E8150021FE8B /* Logotipo.svg */ = {isa = PBXFileReference; fileEncoding = 4; lastKnownFileType = text; path = Logotipo.svg; sourceTree = "<group>"; };
		0E32A40925E5E8840021FE8B /* FF.svg */ = {isa = PBXFileReference; fileEncoding = 4; lastKnownFileType = text; path = FF.svg; sourceTree = "<group>"; };
		0E32A40F25E5E97C0021FE8B /* Logo.svg */ = {isa = PBXFileReference; fileEncoding = 4; lastKnownFileType = text; path = Logo.svg; sourceTree = "<group>"; };
		0E32A41325E5EA8E0021FE8B /* RobotoCondensed-BoldItalic.ttf */ = {isa = PBXFileReference; lastKnownFileType = file; path = "RobotoCondensed-BoldItalic.ttf"; sourceTree = "<group>"; };
		0EC264A52600540F00F4C17A /* Lock.svg */ = {isa = PBXFileReference; fileEncoding = 4; lastKnownFileType = text; path = Lock.svg; sourceTree = "<group>"; };
		0EC264A92600546800F4C17A /* TextFieldType.swift */ = {isa = PBXFileReference; lastKnownFileType = sourcecode.swift; path = TextFieldType.swift; sourceTree = "<group>"; };
		0EC264AE2600555E00F4C17A /* Eye Open.svg */ = {isa = PBXFileReference; fileEncoding = 4; lastKnownFileType = text; path = "Eye Open.svg"; sourceTree = "<group>"; };
		0EC264B1260056A100F4C17A /* Eye Closed.svg */ = {isa = PBXFileReference; fileEncoding = 4; lastKnownFileType = text; path = "Eye Closed.svg"; sourceTree = "<group>"; };
		0EC264B52600581F00F4C17A /* Man.svg */ = {isa = PBXFileReference; fileEncoding = 4; lastKnownFileType = text; path = Man.svg; sourceTree = "<group>"; };
		0EFE97222612C83400E39115 /* README.md */ = {isa = PBXFileReference; lastKnownFileType = net.daringfireball.markdown; path = README.md; sourceTree = "<group>"; };
		8B98AD9C2627886200A103E1 /* ForgotPasswordViewModel.swift */ = {isa = PBXFileReference; lastKnownFileType = sourcecode.swift; path = ForgotPasswordViewModel.swift; sourceTree = "<group>"; };
		8BD7A974260BE7A4006EB979 /* ForgotPasswordViewController.swift */ = {isa = PBXFileReference; lastKnownFileType = sourcecode.swift; path = ForgotPasswordViewController.swift; sourceTree = "<group>"; };
		8BE0747A261CFCB500B612E9 /* Request.swift */ = {isa = PBXFileReference; lastKnownFileType = sourcecode.swift; path = Request.swift; sourceTree = "<group>"; };
		8BE0747E261CFE7700B612E9 /* Student.swift */ = {isa = PBXFileReference; lastKnownFileType = sourcecode.swift; path = Student.swift; sourceTree = "<group>"; };
/* End PBXFileReference section */

/* Begin PBXFrameworksBuildPhase section */
		0E32A3E525E5E7110021FE8B /* Frameworks */ = {
			isa = PBXFrameworksBuildPhase;
			buildActionMask = 2147483647;
			files = (
			);
			runOnlyForDeploymentPostprocessing = 0;
		};
/* End PBXFrameworksBuildPhase section */

/* Begin PBXGroup section */
		0E32A3DF25E5E7110021FE8B = {
			isa = PBXGroup;
			children = (
				0EFE97222612C83400E39115 /* README.md */,
				0E32A3EA25E5E7110021FE8B /* FastFeet */,
				0E32A3E925E5E7110021FE8B /* Products */,
			);
			sourceTree = "<group>";
		};
		0E32A3E925E5E7110021FE8B /* Products */ = {
			isa = PBXGroup;
			children = (
				0E32A3E825E5E7110021FE8B /* FastFeet.app */,
			);
			name = Products;
			sourceTree = "<group>";
		};
		0E32A3EA25E5E7110021FE8B /* FastFeet */ = {
			isa = PBXGroup;
			children = (
				8B98AD9B2627884700A103E1 /* ViewModel */,
				8BE07479261CFC9B00B612E9 /* Webservice */,
				0E32A40225E5E72B0021FE8B /* Models */,
				0E32A40125E5E7260021FE8B /* Controllers */,
				0E32A40025E5E7210021FE8B /* Views */,
				0E32A3EB25E5E7110021FE8B /* AppDelegate.swift */,
				0E32A3ED25E5E7110021FE8B /* SceneDelegate.swift */,
				0E32A40C25E5E8870021FE8B /* Assets */,
				0E32A3F425E5E7150021FE8B /* Assets.xcassets */,
				0E32A3F625E5E7150021FE8B /* LaunchScreen.storyboard */,
				0E32A3F925E5E7150021FE8B /* Info.plist */,
			);
			path = FastFeet;
			sourceTree = "<group>";
		};
		0E32A40025E5E7210021FE8B /* Views */ = {
			isa = PBXGroup;
			children = (
				0EC264A82600542D00F4C17A /* Enum */,
				0E32A41625E5F0070021FE8B /* Components */,
				0E32A3F125E5E7110021FE8B /* Main.storyboard */,
			);
			path = Views;
			sourceTree = "<group>";
		};
		0E32A40125E5E7260021FE8B /* Controllers */ = {
			isa = PBXGroup;
			children = (
				0E32A3EF25E5E7110021FE8B /* HomeViewController.swift */,
				8BD7A974260BE7A4006EB979 /* ForgotPasswordViewController.swift */,
			);
			path = Controllers;
			sourceTree = "<group>";
		};
		0E32A40225E5E72B0021FE8B /* Models */ = {
			isa = PBXGroup;
			children = (
				8BE0747E261CFE7700B612E9 /* Student.swift */,
			);
			path = Models;
			sourceTree = "<group>";
		};
		0E32A40C25E5E8870021FE8B /* Assets */ = {
			isa = PBXGroup;
			children = (
				0E32A41225E5EA800021FE8B /* fonts */,
				0E32A40F25E5E97C0021FE8B /* Logo.svg */,
				0EC264AE2600555E00F4C17A /* Eye Open.svg */,
				0EC264B1260056A100F4C17A /* Eye Closed.svg */,
				0EC264A52600540F00F4C17A /* Lock.svg */,
				0E32A40425E5E8150021FE8B /* Logotipo.svg */,
				0EC264B52600581F00F4C17A /* Man.svg */,
				0E32A40925E5E8840021FE8B /* FF.svg */,
			);
			path = Assets;
			sourceTree = "<group>";
		};
		0E32A41225E5EA800021FE8B /* fonts */ = {
			isa = PBXGroup;
			children = (
				0E32A41325E5EA8E0021FE8B /* RobotoCondensed-BoldItalic.ttf */,
			);
			path = fonts;
			sourceTree = "<group>";
		};
		0E32A41625E5F0070021FE8B /* Components */ = {
			isa = PBXGroup;
			children = (
				0E32A41725E5F0300021FE8B /* Input */,
			);
			path = Components;
			sourceTree = "<group>";
		};
		0E32A41725E5F0300021FE8B /* Input */ = {
			isa = PBXGroup;
			children = (
				0E0ABDD526002C58005F8F24 /* TextField.swift */,
			);
			path = Input;
			sourceTree = "<group>";
		};
		0EC264A82600542D00F4C17A /* Enum */ = {
			isa = PBXGroup;
			children = (
				0EC264A92600546800F4C17A /* TextFieldType.swift */,
			);
			path = Enum;
			sourceTree = "<group>";
		};
		8B98AD9B2627884700A103E1 /* ViewModel */ = {
			isa = PBXGroup;
			children = (
				8B98AD9C2627886200A103E1 /* ForgotPasswordViewModel.swift */,
			);
			path = ViewModel;
			sourceTree = "<group>";
		};
		8BE07479261CFC9B00B612E9 /* Webservice */ = {
			isa = PBXGroup;
			children = (
				8BE0747A261CFCB500B612E9 /* Request.swift */,
			);
			path = Webservice;
			sourceTree = "<group>";
		};
/* End PBXGroup section */

/* Begin PBXNativeTarget section */
		0E32A3E725E5E7110021FE8B /* FastFeet */ = {
			isa = PBXNativeTarget;
			buildConfigurationList = 0E32A3FC25E5E7150021FE8B /* Build configuration list for PBXNativeTarget "FastFeet" */;
			buildPhases = (
				0E32A3E425E5E7110021FE8B /* Sources */,
				0E32A3E525E5E7110021FE8B /* Frameworks */,
				0E32A3E625E5E7110021FE8B /* Resources */,
			);
			buildRules = (
			);
			dependencies = (
			);
			name = FastFeet;
			productName = FastFeet;
			productReference = 0E32A3E825E5E7110021FE8B /* FastFeet.app */;
			productType = "com.apple.product-type.application";
		};
/* End PBXNativeTarget section */

/* Begin PBXProject section */
		0E32A3E025E5E7110021FE8B /* Project object */ = {
			isa = PBXProject;
			attributes = {
				LastSwiftUpdateCheck = 1240;
				LastUpgradeCheck = 1240;
				TargetAttributes = {
					0E32A3E725E5E7110021FE8B = {
						CreatedOnToolsVersion = 12.4;
					};
				};
			};
			buildConfigurationList = 0E32A3E325E5E7110021FE8B /* Build configuration list for PBXProject "FastFeet" */;
			compatibilityVersion = "Xcode 9.3";
			developmentRegion = en;
			hasScannedForEncodings = 0;
			knownRegions = (
				en,
				Base,
			);
			mainGroup = 0E32A3DF25E5E7110021FE8B;
			productRefGroup = 0E32A3E925E5E7110021FE8B /* Products */;
			projectDirPath = "";
			projectRoot = "";
			targets = (
				0E32A3E725E5E7110021FE8B /* FastFeet */,
			);
		};
/* End PBXProject section */

/* Begin PBXResourcesBuildPhase section */
		0E32A3E625E5E7110021FE8B /* Resources */ = {
			isa = PBXResourcesBuildPhase;
			buildActionMask = 2147483647;
			files = (
				0E32A41425E5EA8E0021FE8B /* RobotoCondensed-BoldItalic.ttf in Resources */,
				0EC264AF2600555E00F4C17A /* Eye Open.svg in Resources */,
				0EC264B62600581F00F4C17A /* Man.svg in Resources */,
				0EC264B2260056A100F4C17A /* Eye Closed.svg in Resources */,
				0E32A40A25E5E8840021FE8B /* FF.svg in Resources */,
				0E32A3F825E5E7150021FE8B /* LaunchScreen.storyboard in Resources */,
				0E32A3F525E5E7150021FE8B /* Assets.xcassets in Resources */,
				0E32A3F325E5E7110021FE8B /* Main.storyboard in Resources */,
				0E32A40525E5E8150021FE8B /* Logotipo.svg in Resources */,
				0E32A41025E5E97C0021FE8B /* Logo.svg in Resources */,
				0EC264A62600540F00F4C17A /* Lock.svg in Resources */,
			);
			runOnlyForDeploymentPostprocessing = 0;
		};
/* End PBXResourcesBuildPhase section */

/* Begin PBXSourcesBuildPhase section */
		0E32A3E425E5E7110021FE8B /* Sources */ = {
			isa = PBXSourcesBuildPhase;
			buildActionMask = 2147483647;
			files = (
				0E32A3F025E5E7110021FE8B /* HomeViewController.swift in Sources */,
				0E32A3EC25E5E7110021FE8B /* AppDelegate.swift in Sources */,
				8BD7A975260BE7A4006EB979 /* ForgotPasswordViewController.swift in Sources */,
				0E32A3EE25E5E7110021FE8B /* SceneDelegate.swift in Sources */,
				8BE0747B261CFCB500B612E9 /* Request.swift in Sources */,
				0E0ABDD626002C58005F8F24 /* TextField.swift in Sources */,
				8B98AD9D2627886200A103E1 /* ForgotPasswordViewModel.swift in Sources */,
				0EC264AA2600546800F4C17A /* TextFieldType.swift in Sources */,
				8BE0747F261CFE7700B612E9 /* Student.swift in Sources */,
			);
			runOnlyForDeploymentPostprocessing = 0;
		};
/* End PBXSourcesBuildPhase section */

/* Begin PBXVariantGroup section */
		0E32A3F125E5E7110021FE8B /* Main.storyboard */ = {
			isa = PBXVariantGroup;
			children = (
				0E32A3F225E5E7110021FE8B /* Base */,
			);
			name = Main.storyboard;
			sourceTree = "<group>";
		};
		0E32A3F625E5E7150021FE8B /* LaunchScreen.storyboard */ = {
			isa = PBXVariantGroup;
			children = (
				0E32A3F725E5E7150021FE8B /* Base */,
			);
			name = LaunchScreen.storyboard;
			sourceTree = "<group>";
		};
/* End PBXVariantGroup section */

/* Begin XCBuildConfiguration section */
		0E32A3FA25E5E7150021FE8B /* Debug */ = {
			isa = XCBuildConfiguration;
			buildSettings = {
				ALWAYS_SEARCH_USER_PATHS = NO;
				CLANG_ANALYZER_NONNULL = YES;
				CLANG_ANALYZER_NUMBER_OBJECT_CONVERSION = YES_AGGRESSIVE;
				CLANG_CXX_LANGUAGE_STANDARD = "gnu++14";
				CLANG_CXX_LIBRARY = "libc++";
				CLANG_ENABLE_MODULES = YES;
				CLANG_ENABLE_OBJC_ARC = YES;
				CLANG_ENABLE_OBJC_WEAK = YES;
				CLANG_WARN_BLOCK_CAPTURE_AUTORELEASING = YES;
				CLANG_WARN_BOOL_CONVERSION = YES;
				CLANG_WARN_COMMA = YES;
				CLANG_WARN_CONSTANT_CONVERSION = YES;
				CLANG_WARN_DEPRECATED_OBJC_IMPLEMENTATIONS = YES;
				CLANG_WARN_DIRECT_OBJC_ISA_USAGE = YES_ERROR;
				CLANG_WARN_DOCUMENTATION_COMMENTS = YES;
				CLANG_WARN_EMPTY_BODY = YES;
				CLANG_WARN_ENUM_CONVERSION = YES;
				CLANG_WARN_INFINITE_RECURSION = YES;
				CLANG_WARN_INT_CONVERSION = YES;
				CLANG_WARN_NON_LITERAL_NULL_CONVERSION = YES;
				CLANG_WARN_OBJC_IMPLICIT_RETAIN_SELF = YES;
				CLANG_WARN_OBJC_LITERAL_CONVERSION = YES;
				CLANG_WARN_OBJC_ROOT_CLASS = YES_ERROR;
				CLANG_WARN_QUOTED_INCLUDE_IN_FRAMEWORK_HEADER = YES;
				CLANG_WARN_RANGE_LOOP_ANALYSIS = YES;
				CLANG_WARN_STRICT_PROTOTYPES = YES;
				CLANG_WARN_SUSPICIOUS_MOVE = YES;
				CLANG_WARN_UNGUARDED_AVAILABILITY = YES_AGGRESSIVE;
				CLANG_WARN_UNREACHABLE_CODE = YES;
				CLANG_WARN__DUPLICATE_METHOD_MATCH = YES;
				COPY_PHASE_STRIP = NO;
				DEBUG_INFORMATION_FORMAT = dwarf;
				ENABLE_STRICT_OBJC_MSGSEND = YES;
				ENABLE_TESTABILITY = YES;
				GCC_C_LANGUAGE_STANDARD = gnu11;
				GCC_DYNAMIC_NO_PIC = NO;
				GCC_NO_COMMON_BLOCKS = YES;
				GCC_OPTIMIZATION_LEVEL = 0;
				GCC_PREPROCESSOR_DEFINITIONS = (
					"DEBUG=1",
					"$(inherited)",
				);
				GCC_WARN_64_TO_32_BIT_CONVERSION = YES;
				GCC_WARN_ABOUT_RETURN_TYPE = YES_ERROR;
				GCC_WARN_UNDECLARED_SELECTOR = YES;
				GCC_WARN_UNINITIALIZED_AUTOS = YES_AGGRESSIVE;
				GCC_WARN_UNUSED_FUNCTION = YES;
				GCC_WARN_UNUSED_VARIABLE = YES;
				IPHONEOS_DEPLOYMENT_TARGET = 14.4;
				MTL_ENABLE_DEBUG_INFO = INCLUDE_SOURCE;
				MTL_FAST_MATH = YES;
				ONLY_ACTIVE_ARCH = YES;
				SDKROOT = iphoneos;
				SWIFT_ACTIVE_COMPILATION_CONDITIONS = DEBUG;
				SWIFT_OPTIMIZATION_LEVEL = "-Onone";
			};
			name = Debug;
		};
		0E32A3FB25E5E7150021FE8B /* Release */ = {
			isa = XCBuildConfiguration;
			buildSettings = {
				ALWAYS_SEARCH_USER_PATHS = NO;
				CLANG_ANALYZER_NONNULL = YES;
				CLANG_ANALYZER_NUMBER_OBJECT_CONVERSION = YES_AGGRESSIVE;
				CLANG_CXX_LANGUAGE_STANDARD = "gnu++14";
				CLANG_CXX_LIBRARY = "libc++";
				CLANG_ENABLE_MODULES = YES;
				CLANG_ENABLE_OBJC_ARC = YES;
				CLANG_ENABLE_OBJC_WEAK = YES;
				CLANG_WARN_BLOCK_CAPTURE_AUTORELEASING = YES;
				CLANG_WARN_BOOL_CONVERSION = YES;
				CLANG_WARN_COMMA = YES;
				CLANG_WARN_CONSTANT_CONVERSION = YES;
				CLANG_WARN_DEPRECATED_OBJC_IMPLEMENTATIONS = YES;
				CLANG_WARN_DIRECT_OBJC_ISA_USAGE = YES_ERROR;
				CLANG_WARN_DOCUMENTATION_COMMENTS = YES;
				CLANG_WARN_EMPTY_BODY = YES;
				CLANG_WARN_ENUM_CONVERSION = YES;
				CLANG_WARN_INFINITE_RECURSION = YES;
				CLANG_WARN_INT_CONVERSION = YES;
				CLANG_WARN_NON_LITERAL_NULL_CONVERSION = YES;
				CLANG_WARN_OBJC_IMPLICIT_RETAIN_SELF = YES;
				CLANG_WARN_OBJC_LITERAL_CONVERSION = YES;
				CLANG_WARN_OBJC_ROOT_CLASS = YES_ERROR;
				CLANG_WARN_QUOTED_INCLUDE_IN_FRAMEWORK_HEADER = YES;
				CLANG_WARN_RANGE_LOOP_ANALYSIS = YES;
				CLANG_WARN_STRICT_PROTOTYPES = YES;
				CLANG_WARN_SUSPICIOUS_MOVE = YES;
				CLANG_WARN_UNGUARDED_AVAILABILITY = YES_AGGRESSIVE;
				CLANG_WARN_UNREACHABLE_CODE = YES;
				CLANG_WARN__DUPLICATE_METHOD_MATCH = YES;
				COPY_PHASE_STRIP = NO;
				DEBUG_INFORMATION_FORMAT = "dwarf-with-dsym";
				ENABLE_NS_ASSERTIONS = NO;
				ENABLE_STRICT_OBJC_MSGSEND = YES;
				GCC_C_LANGUAGE_STANDARD = gnu11;
				GCC_NO_COMMON_BLOCKS = YES;
				GCC_WARN_64_TO_32_BIT_CONVERSION = YES;
				GCC_WARN_ABOUT_RETURN_TYPE = YES_ERROR;
				GCC_WARN_UNDECLARED_SELECTOR = YES;
				GCC_WARN_UNINITIALIZED_AUTOS = YES_AGGRESSIVE;
				GCC_WARN_UNUSED_FUNCTION = YES;
				GCC_WARN_UNUSED_VARIABLE = YES;
				IPHONEOS_DEPLOYMENT_TARGET = 14.4;
				MTL_ENABLE_DEBUG_INFO = NO;
				MTL_FAST_MATH = YES;
				SDKROOT = iphoneos;
				SWIFT_COMPILATION_MODE = wholemodule;
				SWIFT_OPTIMIZATION_LEVEL = "-O";
				VALIDATE_PRODUCT = YES;
			};
			name = Release;
		};
		0E32A3FD25E5E7150021FE8B /* Debug */ = {
			isa = XCBuildConfiguration;
			buildSettings = {
				ASSETCATALOG_COMPILER_APPICON_NAME = AppIcon;
				ASSETCATALOG_COMPILER_GLOBAL_ACCENT_COLOR_NAME = AccentColor;
				CODE_SIGN_STYLE = Automatic;
				DEVELOPMENT_TEAM = Q6A28X826V;
				INFOPLIST_FILE = FastFeet/Info.plist;
				LD_RUNPATH_SEARCH_PATHS = (
					"$(inherited)",
					"@executable_path/Frameworks",
				);
				PRODUCT_BUNDLE_IDENTIFIER = dev.golfetto.FastFeet;
				PRODUCT_NAME = "$(TARGET_NAME)";
				SWIFT_VERSION = 5.0;
				TARGETED_DEVICE_FAMILY = "1,2";
			};
			name = Debug;
		};
		0E32A3FE25E5E7150021FE8B /* Release */ = {
			isa = XCBuildConfiguration;
			buildSettings = {
				ASSETCATALOG_COMPILER_APPICON_NAME = AppIcon;
				ASSETCATALOG_COMPILER_GLOBAL_ACCENT_COLOR_NAME = AccentColor;
				CODE_SIGN_STYLE = Automatic;
				DEVELOPMENT_TEAM = Q6A28X826V;
				INFOPLIST_FILE = FastFeet/Info.plist;
				LD_RUNPATH_SEARCH_PATHS = (
					"$(inherited)",
					"@executable_path/Frameworks",
				);
				PRODUCT_BUNDLE_IDENTIFIER = dev.golfetto.FastFeet;
				PRODUCT_NAME = "$(TARGET_NAME)";
				SWIFT_VERSION = 5.0;
				TARGETED_DEVICE_FAMILY = "1,2";
			};
			name = Release;
		};
/* End XCBuildConfiguration section */

/* Begin XCConfigurationList section */
		0E32A3E325E5E7110021FE8B /* Build configuration list for PBXProject "FastFeet" */ = {
			isa = XCConfigurationList;
			buildConfigurations = (
				0E32A3FA25E5E7150021FE8B /* Debug */,
				0E32A3FB25E5E7150021FE8B /* Release */,
			);
			defaultConfigurationIsVisible = 0;
			defaultConfigurationName = Release;
		};
		0E32A3FC25E5E7150021FE8B /* Build configuration list for PBXNativeTarget "FastFeet" */ = {
			isa = XCConfigurationList;
			buildConfigurations = (
				0E32A3FD25E5E7150021FE8B /* Debug */,
				0E32A3FE25E5E7150021FE8B /* Release */,
			);
			defaultConfigurationIsVisible = 0;
			defaultConfigurationName = Release;
		};
/* End XCConfigurationList section */
	};
	rootObject = 0E32A3E025E5E7110021FE8B /* Project object */;
}
